// !$*UTF8*$!
{archiveVersion = 1; classes = {}; objectVersion = 56; objects = {
BF8BE2A100EFD59AC72AA62C = {isa = PBXFileReference; lastKnownFileType = sourcecode.swift; path = BoneArt.swift; sourceTree = "<group>";};
2E82AAAAE183E797FA79A50A = {isa = PBXBuildFile; fileRef = BF8BE2A100EFD59AC72AA62C;};
001A50289E5622E852718BB4 = {isa = PBXFileReference; lastKnownFileType = sourcecode.swift; path = DigView.swift; sourceTree = "<group>";};
22CE77B6A5E1E58FA4E2AD05 = {isa = PBXBuildFile; fileRef = 001A50289E5622E852718BB4;};
87B01282717024ACC5900980 = {isa = PBXFileReference; lastKnownFileType = sourcecode.swift; path = DinosaurDigApp.swift; sourceTree = "<group>";};
5C16AFCF1D1A49118EA6EE72 = {isa = PBXBuildFile; fileRef = 87B01282717024ACC5900980;};
8A37E09D7CDC1C5B64AD52D4 = {isa = PBXFileReference; lastKnownFileType = sourcecode.swift; path = ExcavationScene.swift; sourceTree = "<group>";};
71A6CE8069DA1F947F494B3A = {isa = PBXBuildFile; fileRef = 8A37E09D7CDC1C5B64AD52D4;};
02D0C486AA8708F183C82691 = {isa = PBXFileReference; lastKnownFileType = sourcecode.swift; path = GameState.swift; sourceTree = "<group>";};
DC776C7069D2C09F9CA0B928 = {isa = PBXBuildFile; fileRef = 02D0C486AA8708F183C82691;};
C9D8F7AE97277EF999D87306 = {isa = PBXGroup; children = (BF8BE2A100EFD59AC72AA62C,001A50289E5622E852718BB4,87B01282717024ACC5900980,8A37E09D7CDC1C5B64AD52D4,02D0C486AA8708F183C82691,); path = DinosaurDig; sourceTree = "<group>";};
B0FBA1EB7A212E113A39F15D = {isa = PBXSourcesBuildPhase; buildActionMask = 2147483647; files = (2E82AAAAE183E797FA79A50A,22CE77B6A5E1E58FA4E2AD05,5C16AFCF1D1A49118EA6EE72,71A6CE8069DA1F947F494B3A,DC776C7069D2C09F9CA0B928,); runOnlyForDeploymentPostprocessing = 0;};
DD7BB1EE500A238AA0A93143 = {isa = PBXFrameworksBuildPhase; buildActionMask = 2147483647; files = (); runOnlyForDeploymentPostprocessing = 0;};
20850F4F7439D28A4A688FA2 = {isa = PBXResourcesBuildPhase; buildActionMask = 2147483647; files = (); runOnlyForDeploymentPostprocessing = 0;};
7E36529765A4799FC6F44E52 = {isa = PBXFileReference; explicitFileType = wrapper.application; includeInIndex = 0; path = DinosaurDig.app; sourceTree = BUILT_PRODUCTS_DIR;};
F6830CDB00A1268BD8921936 = {isa = XCBuildConfiguration; buildSettings = {IPHONEOS_DEPLOYMENT_TARGET = 17.0; SDKROOT = iphoneos; SWIFT_VERSION = 5.0; TARGETED_DEVICE_FAMILY = 1; CLANG_ENABLE_MODULES = YES; CODE_SIGN_STYLE = Automatic; CURRENT_PROJECT_VERSION = 1; MARKETING_VERSION = 1.0; GENERATE_INFOPLIST_FILE = YES; SUPPORTED_PLATFORMS = "iphoneos iphonesimulator"; PRODUCT_NAME = "$(TARGET_NAME)"; PRODUCT_BUNDLE_IDENTIFIER = "com.soan4.aodinosaur.native"; INFOPLIST_KEY_CFBundleDisplayName = "あおの恐竜発掘"; INFOPLIST_KEY_UILaunchScreen_Generation = YES; INFOPLIST_KEY_UIApplicationSceneManifest_Generation = YES; INFOPLIST_KEY_UISupportedInterfaceOrientations = UIInterfaceOrientationPortrait; INFOPLIST_KEY_LSRequiresIPhoneOS = YES; SWIFT_OPTIMIZATION_LEVEL = "-Onone"; DEBUG_INFORMATION_FORMAT = dwarf; SWIFT_ACTIVE_COMPILATION_CONDITIONS = DEBUG; ENABLE_TESTABILITY = YES;}; name = Debug;};
9B5698759184526CE7461483 = {isa = XCBuildConfiguration; buildSettings = {IPHONEOS_DEPLOYMENT_TARGET = 17.0; SDKROOT = iphoneos; SWIFT_VERSION = 5.0; TARGETED_DEVICE_FAMILY = 1; CLANG_ENABLE_MODULES = YES; CODE_SIGN_STYLE = Automatic; CURRENT_PROJECT_VERSION = 1; MARKETING_VERSION = 1.0; GENERATE_INFOPLIST_FILE = YES; SUPPORTED_PLATFORMS = "iphoneos iphonesimulator"; PRODUCT_NAME = "$(TARGET_NAME)"; PRODUCT_BUNDLE_IDENTIFIER = "com.soan4.aodinosaur.native"; INFOPLIST_KEY_CFBundleDisplayName = "あおの恐竜発掘"; INFOPLIST_KEY_UILaunchScreen_Generation = YES; INFOPLIST_KEY_UIApplicationSceneManifest_Generation = YES; INFOPLIST_KEY_UISupportedInterfaceOrientations = UIInterfaceOrientationPortrait; INFOPLIST_KEY_LSRequiresIPhoneOS = YES; SWIFT_OPTIMIZATION_LEVEL = "-O"; DEBUG_INFORMATION_FORMAT = "dwarf-with-dsym";}; name = Release;};
AA135F7DF12181D4D323EB96 = {isa = XCConfigurationList; buildConfigurations = (F6830CDB00A1268BD8921936,9B5698759184526CE7461483,); defaultConfigurationIsVisible = 0; defaultConfigurationName = Release;};
6A8A83E12DAD77036DA36829 = {isa = PBXNativeTarget; buildConfigurationList = AA135F7DF12181D4D323EB96; buildPhases = (B0FBA1EB7A212E113A39F15D,DD7BB1EE500A238AA0A93143,20850F4F7439D28A4A688FA2,); buildRules = (); dependencies = (); name = DinosaurDig; productName = DinosaurDig; productReference = 7E36529765A4799FC6F44E52; productType = "com.apple.product-type.application";};
6EB1EC40D554A8E8F185EE4E = {isa = PBXFileReference; lastKnownFileType = sourcecode.swift; path = GameStoreTests.swift; sourceTree = "<group>";};
01C12DAF101A42143BEC269A = {isa = PBXBuildFile; fileRef = 6EB1EC40D554A8E8F185EE4E;};
56D2CC621FAC99157E0E6B2B = {isa = PBXGroup; children = (6EB1EC40D554A8E8F185EE4E,); path = DinosaurDigTests; sourceTree = "<group>";};
A9E69D525B7B036ED71B355E = {isa = PBXSourcesBuildPhase; buildActionMask = 2147483647; files = (01C12DAF101A42143BEC269A,); runOnlyForDeploymentPostprocessing = 0;};
BA7AF47FC41ACE4DD431538E = {isa = PBXFrameworksBuildPhase; buildActionMask = 2147483647; files = (); runOnlyForDeploymentPostprocessing = 0;};
F429875BF9A97766FDF74E3E = {isa = PBXResourcesBuildPhase; buildActionMask = 2147483647; files = (); runOnlyForDeploymentPostprocessing = 0;};
A1F70A3AE0552FBB1A93D94A = {isa = PBXFileReference; explicitFileType = wrapper.cfbundle; includeInIndex = 0; path = DinosaurDigTests.xctest; sourceTree = BUILT_PRODUCTS_DIR;};
EAF8956A2EC19023F610F789 = {isa = PBXContainerItemProxy; containerPortal = 98F54143AB4E86B28C3AFEE0; proxyType = 1; remoteGlobalIDString = 6A8A83E12DAD77036DA36829; remoteInfo = DinosaurDig;};
609702F4471096C02A8895CB = {isa = PBXTargetDependency; target = 6A8A83E12DAD77036DA36829; targetProxy = EAF8956A2EC19023F610F789;};
AF6BC5A8616A7917D0876082 = {isa = XCBuildConfiguration; buildSettings = {IPHONEOS_DEPLOYMENT_TARGET = 17.0; SDKROOT = iphoneos; SWIFT_VERSION = 5.0; TARGETED_DEVICE_FAMILY = 1; CLANG_ENABLE_MODULES = YES; CODE_SIGN_STYLE = Automatic; CURRENT_PROJECT_VERSION = 1; MARKETING_VERSION = 1.0; GENERATE_INFOPLIST_FILE = YES; SUPPORTED_PLATFORMS = "iphoneos iphonesimulator"; PRODUCT_NAME = "$(TARGET_NAME)"; PRODUCT_BUNDLE_IDENTIFIER = "com.soan4.aodinosaur.dinosaurdigtests"; TEST_HOST = "$(BUILT_PRODUCTS_DIR)/DinosaurDig.app/$(BUNDLE_EXECUTABLE_FOLDER_PATH)/DinosaurDig"; BUNDLE_LOADER = "$(TEST_HOST)"; SWIFT_OPTIMIZATION_LEVEL = "-Onone"; DEBUG_INFORMATION_FORMAT = dwarf; SWIFT_ACTIVE_COMPILATION_CONDITIONS = DEBUG; ENABLE_TESTABILITY = YES;}; name = Debug;};
AF0E2D6562F6D55FB6B49611 = {isa = XCBuildConfiguration; buildSettings = {IPHONEOS_DEPLOYMENT_TARGET = 17.0; SDKROOT = iphoneos; SWIFT_VERSION = 5.0; TARGETED_DEVICE_FAMILY = 1; CLANG_ENABLE_MODULES = YES; CODE_SIGN_STYLE = Automatic; CURRENT_PROJECT_VERSION = 1; MARKETING_VERSION = 1.0; GENERATE_INFOPLIST_FILE = YES; SUPPORTED_PLATFORMS = "iphoneos iphonesimulator"; PRODUCT_NAME = "$(TARGET_NAME)"; PRODUCT_BUNDLE_IDENTIFIER = "com.soan4.aodinosaur.dinosaurdigtests"; TEST_HOST = "$(BUILT_PRODUCTS_DIR)/DinosaurDig.app/$(BUNDLE_EXECUTABLE_FOLDER_PATH)/DinosaurDig"; BUNDLE_LOADER = "$(TEST_HOST)"; SWIFT_OPTIMIZATION_LEVEL = "-O"; DEBUG_INFORMATION_FORMAT = "dwarf-with-dsym";}; name = Release;};
34C1B3CBC44E277A6C8C321E = {isa = XCConfigurationList; buildConfigurations = (AF6BC5A8616A7917D0876082,AF0E2D6562F6D55FB6B49611,); defaultConfigurationIsVisible = 0; defaultConfigurationName = Release;};
1B95206A753085A8D569329D = {isa = PBXNativeTarget; buildConfigurationList = 34C1B3CBC44E277A6C8C321E; buildPhases = (A9E69D525B7B036ED71B355E,BA7AF47FC41ACE4DD431538E,F429875BF9A97766FDF74E3E,); buildRules = (); dependencies = (609702F4471096C02A8895CB,); name = DinosaurDigTests; productName = DinosaurDigTests; productReference = A1F70A3AE0552FBB1A93D94A; productType = "com.apple.product-type.bundle.unit-test";};
5F37B7862CC0553BD3E3840F = {isa = PBXFileReference; lastKnownFileType = sourcecode.swift; path = ExcavationUITests.swift; sourceTree = "<group>";};
E568312A5A1249BEBA3EAB08 = {isa = PBXBuildFile; fileRef = 5F37B7862CC0553BD3E3840F;};
0DE1B511EF632E589844DFD9 = {isa = PBXGroup; children = (5F37B7862CC0553BD3E3840F,); path = DinosaurDigUITests; sourceTree = "<group>";};
DD94BF83A8C58D2E94A1CE60 = {isa = PBXSourcesBuildPhase; buildActionMask = 2147483647; files = (E568312A5A1249BEBA3EAB08,); runOnlyForDeploymentPostprocessing = 0;};
BF6EF26B7DCD48F7A4B39C03 = {isa = PBXFrameworksBuildPhase; buildActionMask = 2147483647; files = (); runOnlyForDeploymentPostprocessing = 0;};
F29987BF0F0C766047DCF6EA = {isa = PBXResourcesBuildPhase; buildActionMask = 2147483647; files = (); runOnlyForDeploymentPostprocessing = 0;};
E949FD0A1D3DEB2348B4587D = {isa = PBXFileReference; explicitFileType = wrapper.cfbundle; includeInIndex = 0; path = DinosaurDigUITests.xctest; sourceTree = BUILT_PRODUCTS_DIR;};
B3B110166E44EDD488B17EC1 = {isa = PBXContainerItemProxy; containerPortal = 98F54143AB4E86B28C3AFEE0; proxyType = 1; remoteGlobalIDString = 6A8A83E12DAD77036DA36829; remoteInfo = DinosaurDig;};
3ACD0FC6F9020A2FC53A609B = {isa = PBXTargetDependency; target = 6A8A83E12DAD77036DA36829; targetProxy = B3B110166E44EDD488B17EC1;};
0995BF64D16E90B7F4DD4C98 = {isa = XCBuildConfiguration; buildSettings = {IPHONEOS_DEPLOYMENT_TARGET = 17.0; SDKROOT = iphoneos; SWIFT_VERSION = 5.0; TARGETED_DEVICE_FAMILY = 1; CLANG_ENABLE_MODULES = YES; CODE_SIGN_STYLE = Automatic; CURRENT_PROJECT_VERSION = 1; MARKETING_VERSION = 1.0; GENERATE_INFOPLIST_FILE = YES; SUPPORTED_PLATFORMS = "iphoneos iphonesimulator"; PRODUCT_NAME = "$(TARGET_NAME)"; PRODUCT_BUNDLE_IDENTIFIER = "com.soan4.aodinosaur.dinosaurdiguitests"; TEST_TARGET_NAME = DinosaurDig; SWIFT_OPTIMIZATION_LEVEL = "-Onone"; DEBUG_INFORMATION_FORMAT = dwarf; SWIFT_ACTIVE_COMPILATION_CONDITIONS = DEBUG; ENABLE_TESTABILITY = YES;}; name = Debug;};
0B8AB33D83479AFE992F409A = {isa = XCBuildConfiguration; buildSettings = {IPHONEOS_DEPLOYMENT_TARGET = 17.0; SDKROOT = iphoneos; SWIFT_VERSION = 5.0; TARGETED_DEVICE_FAMILY = 1; CLANG_ENABLE_MODULES = YES; CODE_SIGN_STYLE = Automatic; CURRENT_PROJECT_VERSION = 1; MARKETING_VERSION = 1.0; GENERATE_INFOPLIST_FILE = YES; SUPPORTED_PLATFORMS = "iphoneos iphonesimulator"; PRODUCT_NAME = "$(TARGET_NAME)"; PRODUCT_BUNDLE_IDENTIFIER = "com.soan4.aodinosaur.dinosaurdiguitests"; TEST_TARGET_NAME = DinosaurDig; SWIFT_OPTIMIZATION_LEVEL = "-O"; DEBUG_INFORMATION_FORMAT = "dwarf-with-dsym";}; name = Release;};
699539E4164B05DB45B2A461 = {isa = XCConfigurationList; buildConfigurations = (0995BF64D16E90B7F4DD4C98,0B8AB33D83479AFE992F409A,); defaultConfigurationIsVisible = 0; defaultConfigurationName = Release;};
9824DE6A775DDDCA45AB5824 = {isa = PBXNativeTarget; buildConfigurationList = 699539E4164B05DB45B2A461; buildPhases = (DD94BF83A8C58D2E94A1CE60,BF6EF26B7DCD48F7A4B39C03,F29987BF0F0C766047DCF6EA,); buildRules = (); dependencies = (3ACD0FC6F9020A2FC53A609B,); name = DinosaurDigUITests; productName = DinosaurDigUITests; productReference = E949FD0A1D3DEB2348B4587D; productType = "com.apple.product-type.bundle.ui-testing";};
FBDC4F23F93125BBEEAE800C = {isa = PBXGroup; children = (7E36529765A4799FC6F44E52,A1F70A3AE0552FBB1A93D94A,E949FD0A1D3DEB2348B4587D,); name = Products; sourceTree = "<group>";};
B28B7AF69320201D1CF206EB = {isa = PBXGroup; children = (C9D8F7AE97277EF999D87306,56D2CC621FAC99157E0E6B2B,0DE1B511EF632E589844DFD9,FBDC4F23F93125BBEEAE800C,); sourceTree = "<group>";};
89E1FD6268CC0F221A2BE178 = {isa = XCBuildConfiguration; buildSettings = {CLANG_ENABLE_OBJC_ARC = YES; GCC_C_LANGUAGE_STANDARD = gnu17; SWIFT_VERSION = 5.0; SWIFT_OPTIMIZATION_LEVEL = "-Onone"; DEBUG_INFORMATION_FORMAT = dwarf; SWIFT_ACTIVE_COMPILATION_CONDITIONS = DEBUG; ENABLE_TESTABILITY = YES;}; name = Debug;};
E6DE6C99132752C914FEF632 = {isa = XCBuildConfiguration; buildSettings = {CLANG_ENABLE_OBJC_ARC = YES; GCC_C_LANGUAGE_STANDARD = gnu17; SWIFT_VERSION = 5.0; SWIFT_OPTIMIZATION_LEVEL = "-O"; DEBUG_INFORMATION_FORMAT = "dwarf-with-dsym";}; name = Release;};
862894B703A6DEDF96A9DD6C = {isa = XCConfigurationList; buildConfigurations = (89E1FD6268CC0F221A2BE178,E6DE6C99132752C914FEF632,); defaultConfigurationIsVisible = 0; defaultConfigurationName = Release;};
98F54143AB4E86B28C3AFEE0 = {isa = PBXProject; attributes = {BuildIndependentTargetsInParallel = YES; LastUpgradeCheck = 1520;}; buildConfigurationList = 862894B703A6DEDF96A9DD6C; compatibilityVersion = "Xcode 14.0"; developmentRegion = ja; hasScannedForEncodings = 0; knownRegions = (ja,en,Base); mainGroup = B28B7AF69320201D1CF206EB; productRefGroup = FBDC4F23F93125BBEEAE800C; projectDirPath = ""; projectRoot = ""; targets = (6A8A83E12DAD77036DA36829,1B95206A753085A8D569329D,9824DE6A775DDDCA45AB5824,);};
}; rootObject = 98F54143AB4E86B28C3AFEE0;}
